# THIS IS AN AUTOGENERATED FILE. DO NOT EDIT THIS FILE DIRECTLY.
# yarn lockfile v1


immutable-ext@^1.0.8:
  version "1.0.8"
  resolved "https://registry.yarnpkg.com/immutable-ext/-/immutable-ext-1.0.8.tgz#be49852c009b9c06cbceaf166c873a1d109a4ddc"

immutable@^3.8.1:
  version "3.8.1"
  resolved "https://registry.yarnpkg.com/immutable/-/immutable-3.8.1.tgz#200807f11ab0f72710ea485542de088075f68cd2"
